
Microsoft Visual Studio Solution File, Format Version 12.00
# Visual Studio Version 17
VisualStudioVersion = 17.4.33213.308
MinimumVisualStudioVersion = 10.0.40219.1
Project("{FAE04EC0-301F-11D3-BF4B-00C04F79EFBC}") = "Project3", "Project3\Project3.csproj", "{148FACA2-0727-4562-A88F-7182CE5E93C5}"
EndProject
Global
	GlobalSection(SolutionConfigurationPlatforms) = preSolution
		Debug|Any CPU = Debug|Any CPU
		Release|Any CPU = Release|Any CPU
	EndGlobalSection
	GlobalSection(ProjectConfigurationPlatforms) = postSolution
		{148FACA2-0727-4562-A88F-7182CE5E93C5}.Debug|Any CPU.ActiveCfg = Debug|Any CPU
		{148FACA2-0727-4562-A88F-7182CE5E93C5}.Debug|Any CPU.Build.0 = Debug|Any CPU
		{148FACA2-0727-4562-A88F-7182CE5E93C5}.Release|Any CPU.ActiveCfg = Release|Any CPU
		{148FACA2-0727-4562-A88F-7182CE5E93C5}.Release|Any CPU.Build.0 = Release|Any CPU
	EndGlobalSection
	GlobalSection(SolutionProperties) = preSolution
		HideSolutionNode = FALSE
	EndGlobalSection
	GlobalSection(ExtensibilityGlobals) = postSolution
		SolutionGuid = {38E05C50-7AC6-4991-90B5-B37CAF28E7DC}
	EndGlobalSection
EndGlobal
